
Microsoft Visual Studio Solution File, Format Version 12.00
# Visual Studio 15
VisualStudioVersion = 15.0.27703.2026
MinimumVisualStudioVersion = 10.0.40219.1
Project("{FAE04EC0-301F-11D3-BF4B-00C04F79EFBC}") = "DoublyLinkedList", "DoublyLinkedList\DoublyLinkedList.csproj", "{03C98194-7CF3-4065-AF26-59BA22574869}"
EndProject
Project("{FAE04EC0-301F-11D3-BF4B-00C04F79EFBC}") = "SinglyLinkedList", "SinglyLinkedList\SinglyLinkedList.csproj", "{DD152F36-E75A-4A9A-8A9F-F61B4C8ABB3D}"
EndProject
Global
	GlobalSection(SolutionConfigurationPlatforms) = preSolution
		Debug|Any CPU = Debug|Any CPU
		Release|Any CPU = Release|Any CPU
	EndGlobalSection
	GlobalSection(ProjectConfigurationPlatforms) = postSolution
		{03C98194-7CF3-4065-AF26-59BA22574869}.Debug|Any CPU.ActiveCfg = Debug|Any CPU
		{03C98194-7CF3-4065-AF26-59BA22574869}.Debug|Any CPU.Build.0 = Debug|Any CPU
		{03C98194-7CF3-4065-AF26-59BA22574869}.Release|Any CPU.ActiveCfg = Release|Any CPU
		{03C98194-7CF3-4065-AF26-59BA22574869}.Release|Any CPU.Build.0 = Release|Any CPU
		{DD152F36-E75A-4A9A-8A9F-F61B4C8ABB3D}.Debug|Any CPU.ActiveCfg = Debug|Any CPU
		{DD152F36-E75A-4A9A-8A9F-F61B4C8ABB3D}.Debug|Any CPU.Build.0 = Debug|Any CPU
		{DD152F36-E75A-4A9A-8A9F-F61B4C8ABB3D}.Release|Any CPU.ActiveCfg = Release|Any CPU
		{DD152F36-E75A-4A9A-8A9F-F61B4C8ABB3D}.Release|Any CPU.Build.0 = Release|Any CPU
	EndGlobalSection
	GlobalSection(SolutionProperties) = preSolution
		HideSolutionNode = FALSE
	EndGlobalSection
	GlobalSection(ExtensibilityGlobals) = postSolution
		SolutionGuid = {66D5F877-35DE-4F49-A824-4596B645C11E}
	EndGlobalSection
EndGlobal
