
Microsoft Visual Studio Solution File, Format Version 12.00
# Visual Studio Version 16
VisualStudioVersion = 16.0.29728.190
MinimumVisualStudioVersion = 10.0.40219.1
Project("{FAE04EC0-301F-11D3-BF4B-00C04F79EFBC}") = "DoublyLinkedList", "DoublyLinkedList\DoublyLinkedList.csproj", "{03C98194-7CF3-4065-AF26-59BA22574869}"
EndProject
Project("{FAE04EC0-301F-11D3-BF4B-00C04F79EFBC}") = "SinglyLinkedList", "SinglyLinkedList\SinglyLinkedList.csproj", "{DD152F36-E75A-4A9A-8A9F-F61B4C8ABB3D}"
EndProject
Project("{2150E333-8FDC-42A3-9474-1A3956D46DE8}") = "LinkedList", "LinkedList", "{EDCF5804-7934-4EB6-9027-E9CACF3F9AC6}"
EndProject
Project("{2150E333-8FDC-42A3-9474-1A3956D46DE8}") = "Stack", "Stack", "{D1677D73-D133-4927-BDD7-B0C849CAA008}"
EndProject
Project("{FAE04EC0-301F-11D3-BF4B-00C04F79EFBC}") = "Stack.List", "Stack.List\Stack.List.csproj", "{42B17B70-112F-4538-9AB7-EBB8307DD805}"
EndProject
Project("{FAE04EC0-301F-11D3-BF4B-00C04F79EFBC}") = "Stack.Array", "Stack.Array\Stack.Array.csproj", "{D6B0B980-7D9D-4DFF-B519-BC6147CF4630}"
EndProject
Project("{2150E333-8FDC-42A3-9474-1A3956D46DE8}") = "Tests", "Tests", "{5B605A69-DB8C-4FEA-A59A-0CDCB71FE919}"
EndProject
Project("{FAE04EC0-301F-11D3-BF4B-00C04F79EFBC}") = "LinkedList.Tests", "LinkedList.Tests\LinkedList.Tests.csproj", "{B07498AA-E2A2-4265-A2B6-7D9D8DB37D27}"
EndProject
Project("{FAE04EC0-301F-11D3-BF4B-00C04F79EFBC}") = "Stack.Tests", "Stack.Tests\Stack.Tests.csproj", "{CBCA31CB-B9E0-4121-AB37-3898C1D42F48}"
EndProject
Project("{2150E333-8FDC-42A3-9474-1A3956D46DE8}") = "Queue", "Queue", "{85CB324E-EFAC-43A7-9191-86423F108F87}"
EndProject
Project("{FAE04EC0-301F-11D3-BF4B-00C04F79EFBC}") = "Queue.List", "Queue.List\Queue.List.csproj", "{F33A9B6D-69C3-4C50-B4AE-19191546F992}"
EndProject
Project("{FAE04EC0-301F-11D3-BF4B-00C04F79EFBC}") = "Queue.Array", "Queue.Array\Queue.Array.csproj", "{10778571-CCEC-4A0D-8AA2-D0E04773C830}"
EndProject
Project("{FAE04EC0-301F-11D3-BF4B-00C04F79EFBC}") = "Queue.Priority", "Queue.Priority\Queue.Priority.csproj", "{BE801209-40BA-44CD-95C8-1D96088D3D89}"
EndProject
Project("{FAE04EC0-301F-11D3-BF4B-00C04F79EFBC}") = "Queue.Tests", "Queue.Tests\Queue.Tests.csproj", "{59045439-2B0A-44B3-8102-25419B8767F5}"
EndProject
Project("{2150E333-8FDC-42A3-9474-1A3956D46DE8}") = "List", "List", "{512B118C-E2BE-4717-8CD0-875B946D082A}"
EndProject
Project("{FAE04EC0-301F-11D3-BF4B-00C04F79EFBC}") = "List", "List\List.csproj", "{A5961EDB-AA1F-429B-B8A9-AA50423B6BBE}"
EndProject
Global
	GlobalSection(SolutionConfigurationPlatforms) = preSolution
		Debug|Any CPU = Debug|Any CPU
		Release|Any CPU = Release|Any CPU
	EndGlobalSection
	GlobalSection(ProjectConfigurationPlatforms) = postSolution
		{03C98194-7CF3-4065-AF26-59BA22574869}.Debug|Any CPU.ActiveCfg = Debug|Any CPU
		{03C98194-7CF3-4065-AF26-59BA22574869}.Debug|Any CPU.Build.0 = Debug|Any CPU
		{03C98194-7CF3-4065-AF26-59BA22574869}.Release|Any CPU.ActiveCfg = Release|Any CPU
		{03C98194-7CF3-4065-AF26-59BA22574869}.Release|Any CPU.Build.0 = Release|Any CPU
		{DD152F36-E75A-4A9A-8A9F-F61B4C8ABB3D}.Debug|Any CPU.ActiveCfg = Debug|Any CPU
		{DD152F36-E75A-4A9A-8A9F-F61B4C8ABB3D}.Debug|Any CPU.Build.0 = Debug|Any CPU
		{DD152F36-E75A-4A9A-8A9F-F61B4C8ABB3D}.Release|Any CPU.ActiveCfg = Release|Any CPU
		{DD152F36-E75A-4A9A-8A9F-F61B4C8ABB3D}.Release|Any CPU.Build.0 = Release|Any CPU
		{42B17B70-112F-4538-9AB7-EBB8307DD805}.Debug|Any CPU.ActiveCfg = Debug|Any CPU
		{42B17B70-112F-4538-9AB7-EBB8307DD805}.Debug|Any CPU.Build.0 = Debug|Any CPU
		{42B17B70-112F-4538-9AB7-EBB8307DD805}.Release|Any CPU.ActiveCfg = Release|Any CPU
		{42B17B70-112F-4538-9AB7-EBB8307DD805}.Release|Any CPU.Build.0 = Release|Any CPU
		{D6B0B980-7D9D-4DFF-B519-BC6147CF4630}.Debug|Any CPU.ActiveCfg = Debug|Any CPU
		{D6B0B980-7D9D-4DFF-B519-BC6147CF4630}.Debug|Any CPU.Build.0 = Debug|Any CPU
		{D6B0B980-7D9D-4DFF-B519-BC6147CF4630}.Release|Any CPU.ActiveCfg = Release|Any CPU
		{D6B0B980-7D9D-4DFF-B519-BC6147CF4630}.Release|Any CPU.Build.0 = Release|Any CPU
		{B07498AA-E2A2-4265-A2B6-7D9D8DB37D27}.Debug|Any CPU.ActiveCfg = Debug|Any CPU
		{B07498AA-E2A2-4265-A2B6-7D9D8DB37D27}.Debug|Any CPU.Build.0 = Debug|Any CPU
		{B07498AA-E2A2-4265-A2B6-7D9D8DB37D27}.Release|Any CPU.ActiveCfg = Release|Any CPU
		{B07498AA-E2A2-4265-A2B6-7D9D8DB37D27}.Release|Any CPU.Build.0 = Release|Any CPU
		{CBCA31CB-B9E0-4121-AB37-3898C1D42F48}.Debug|Any CPU.ActiveCfg = Debug|Any CPU
		{CBCA31CB-B9E0-4121-AB37-3898C1D42F48}.Debug|Any CPU.Build.0 = Debug|Any CPU
		{CBCA31CB-B9E0-4121-AB37-3898C1D42F48}.Release|Any CPU.ActiveCfg = Release|Any CPU
		{CBCA31CB-B9E0-4121-AB37-3898C1D42F48}.Release|Any CPU.Build.0 = Release|Any CPU
		{F33A9B6D-69C3-4C50-B4AE-19191546F992}.Debug|Any CPU.ActiveCfg = Debug|Any CPU
		{F33A9B6D-69C3-4C50-B4AE-19191546F992}.Debug|Any CPU.Build.0 = Debug|Any CPU
		{F33A9B6D-69C3-4C50-B4AE-19191546F992}.Release|Any CPU.ActiveCfg = Release|Any CPU
		{F33A9B6D-69C3-4C50-B4AE-19191546F992}.Release|Any CPU.Build.0 = Release|Any CPU
		{10778571-CCEC-4A0D-8AA2-D0E04773C830}.Debug|Any CPU.ActiveCfg = Debug|Any CPU
		{10778571-CCEC-4A0D-8AA2-D0E04773C830}.Debug|Any CPU.Build.0 = Debug|Any CPU
		{10778571-CCEC-4A0D-8AA2-D0E04773C830}.Release|Any CPU.ActiveCfg = Release|Any CPU
		{10778571-CCEC-4A0D-8AA2-D0E04773C830}.Release|Any CPU.Build.0 = Release|Any CPU
		{BE801209-40BA-44CD-95C8-1D96088D3D89}.Debug|Any CPU.ActiveCfg = Debug|Any CPU
		{BE801209-40BA-44CD-95C8-1D96088D3D89}.Debug|Any CPU.Build.0 = Debug|Any CPU
		{BE801209-40BA-44CD-95C8-1D96088D3D89}.Release|Any CPU.ActiveCfg = Release|Any CPU
		{BE801209-40BA-44CD-95C8-1D96088D3D89}.Release|Any CPU.Build.0 = Release|Any CPU
		{59045439-2B0A-44B3-8102-25419B8767F5}.Debug|Any CPU.ActiveCfg = Debug|Any CPU
		{59045439-2B0A-44B3-8102-25419B8767F5}.Debug|Any CPU.Build.0 = Debug|Any CPU
		{59045439-2B0A-44B3-8102-25419B8767F5}.Release|Any CPU.ActiveCfg = Release|Any CPU
		{59045439-2B0A-44B3-8102-25419B8767F5}.Release|Any CPU.Build.0 = Release|Any CPU
		{A5961EDB-AA1F-429B-B8A9-AA50423B6BBE}.Debug|Any CPU.ActiveCfg = Debug|Any CPU
		{A5961EDB-AA1F-429B-B8A9-AA50423B6BBE}.Debug|Any CPU.Build.0 = Debug|Any CPU
		{A5961EDB-AA1F-429B-B8A9-AA50423B6BBE}.Release|Any CPU.ActiveCfg = Release|Any CPU
		{A5961EDB-AA1F-429B-B8A9-AA50423B6BBE}.Release|Any CPU.Build.0 = Release|Any CPU
	EndGlobalSection
	GlobalSection(SolutionProperties) = preSolution
		HideSolutionNode = FALSE
	EndGlobalSection
	GlobalSection(NestedProjects) = preSolution
		{03C98194-7CF3-4065-AF26-59BA22574869} = {EDCF5804-7934-4EB6-9027-E9CACF3F9AC6}
		{DD152F36-E75A-4A9A-8A9F-F61B4C8ABB3D} = {EDCF5804-7934-4EB6-9027-E9CACF3F9AC6}
		{42B17B70-112F-4538-9AB7-EBB8307DD805} = {D1677D73-D133-4927-BDD7-B0C849CAA008}
		{D6B0B980-7D9D-4DFF-B519-BC6147CF4630} = {D1677D73-D133-4927-BDD7-B0C849CAA008}
		{B07498AA-E2A2-4265-A2B6-7D9D8DB37D27} = {5B605A69-DB8C-4FEA-A59A-0CDCB71FE919}
		{CBCA31CB-B9E0-4121-AB37-3898C1D42F48} = {5B605A69-DB8C-4FEA-A59A-0CDCB71FE919}
		{F33A9B6D-69C3-4C50-B4AE-19191546F992} = {85CB324E-EFAC-43A7-9191-86423F108F87}
		{10778571-CCEC-4A0D-8AA2-D0E04773C830} = {85CB324E-EFAC-43A7-9191-86423F108F87}
		{BE801209-40BA-44CD-95C8-1D96088D3D89} = {85CB324E-EFAC-43A7-9191-86423F108F87}
		{59045439-2B0A-44B3-8102-25419B8767F5} = {5B605A69-DB8C-4FEA-A59A-0CDCB71FE919}
		{A5961EDB-AA1F-429B-B8A9-AA50423B6BBE} = {512B118C-E2BE-4717-8CD0-875B946D082A}
	EndGlobalSection
	GlobalSection(ExtensibilityGlobals) = postSolution
		SolutionGuid = {66D5F877-35DE-4F49-A824-4596B645C11E}
	EndGlobalSection
EndGlobal
